
Microsoft Visual Studio Solution File, Format Version 12.00
# Visual Studio Version 17
VisualStudioVersion = 17.2.32630.192
MinimumVisualStudioVersion = 10.0.40219.1
Project("{FAE04EC0-301F-11D3-BF4B-00C04F79EFBC}") = "Max_values_using_Generics", "Max_values_using_Generics.csproj", "{45F42279-421C-4D4B-90DB-DE33ABA61C0B}"
EndProject
Global
	GlobalSection(SolutionConfigurationPlatforms) = preSolution
		Debug|Any CPU = Debug|Any CPU
		Release|Any CPU = Release|Any CPU
	EndGlobalSection
	GlobalSection(ProjectConfigurationPlatforms) = postSolution
		{45F42279-421C-4D4B-90DB-DE33ABA61C0B}.Debug|Any CPU.ActiveCfg = Debug|Any CPU
		{45F42279-421C-4D4B-90DB-DE33ABA61C0B}.Debug|Any CPU.Build.0 = Debug|Any CPU
		{45F42279-421C-4D4B-90DB-DE33ABA61C0B}.Release|Any CPU.ActiveCfg = Release|Any CPU
		{45F42279-421C-4D4B-90DB-DE33ABA61C0B}.Release|Any CPU.Build.0 = Release|Any CPU
	EndGlobalSection
	GlobalSection(SolutionProperties) = preSolution
		HideSolutionNode = FALSE
	EndGlobalSection
	GlobalSection(ExtensibilityGlobals) = postSolution
		SolutionGuid = {39EC6641-0CBB-4D8B-A931-C5F04DCF408A}
	EndGlobalSection
EndGlobal
